// !$*UTF8*$!
{
	archiveVersion = 1;
	classes = {
	};
	objectVersion = 50;
	objects = {

/* Begin PBXBuildFile section */
		7D96ADDC274CEA6600917C08 /* AppDelegate.swift in Sources */ = {isa = PBXBuildFile; fileRef = 7D96ADDB274CEA6600917C08 /* AppDelegate.swift */; };
		7D96ADDE274CEA6600917C08 /* SceneDelegate.swift in Sources */ = {isa = PBXBuildFile; fileRef = 7D96ADDD274CEA6600917C08 /* SceneDelegate.swift */; };
		7D96ADE0274CEA6600917C08 /* ViewController.swift in Sources */ = {isa = PBXBuildFile; fileRef = 7D96ADDF274CEA6600917C08 /* ViewController.swift */; };
		7D96ADE3274CEA6600917C08 /* Main.storyboard in Resources */ = {isa = PBXBuildFile; fileRef = 7D96ADE1274CEA6600917C08 /* Main.storyboard */; };
		7D96ADE5274CEA6800917C08 /* Assets.xcassets in Resources */ = {isa = PBXBuildFile; fileRef = 7D96ADE4274CEA6800917C08 /* Assets.xcassets */; };
		7D96ADE8274CEA6800917C08 /* LaunchScreen.storyboard in Resources */ = {isa = PBXBuildFile; fileRef = 7D96ADE6274CEA6800917C08 /* LaunchScreen.storyboard */; };
		7D96ADF3274CEA6800917C08 /* OnionWeatherTests.swift in Sources */ = {isa = PBXBuildFile; fileRef = 7D96ADF2274CEA6800917C08 /* OnionWeatherTests.swift */; };
		7D96ADFE274CEA6800917C08 /* OnionWeatherUITests.swift in Sources */ = {isa = PBXBuildFile; fileRef = 7D96ADFD274CEA6800917C08 /* OnionWeatherUITests.swift */; };
/* End PBXBuildFile section */

/* Begin PBXContainerItemProxy section */
		7D96ADEF274CEA6800917C08 /* PBXContainerItemProxy */ = {
			isa = PBXContainerItemProxy;
			containerPortal = 7D96ADD0274CEA6600917C08 /* Project object */;
			proxyType = 1;
			remoteGlobalIDString = 7D96ADD7274CEA6600917C08;
			remoteInfo = OnionWeather;
		};
		7D96ADFA274CEA6800917C08 /* PBXContainerItemProxy */ = {
			isa = PBXContainerItemProxy;
			containerPortal = 7D96ADD0274CEA6600917C08 /* Project object */;
			proxyType = 1;
			remoteGlobalIDString = 7D96ADD7274CEA6600917C08;
			remoteInfo = OnionWeather;
		};
/* End PBXContainerItemProxy section */

/* Begin PBXFileReference section */
		7D96ADD8274CEA6600917C08 /* OnionWeather.app */ = {isa = PBXFileReference; explicitFileType = wrapper.application; includeInIndex = 0; path = OnionWeather.app; sourceTree = BUILT_PRODUCTS_DIR; };
		7D96ADDB274CEA6600917C08 /* AppDelegate.swift */ = {isa = PBXFileReference; lastKnownFileType = sourcecode.swift; path = AppDelegate.swift; sourceTree = "<group>"; };
		7D96ADDD274CEA6600917C08 /* SceneDelegate.swift */ = {isa = PBXFileReference; lastKnownFileType = sourcecode.swift; path = SceneDelegate.swift; sourceTree = "<group>"; };
		7D96ADDF274CEA6600917C08 /* ViewController.swift */ = {isa = PBXFileReference; lastKnownFileType = sourcecode.swift; path = ViewController.swift; sourceTree = "<group>"; };
		7D96ADE2274CEA6600917C08 /* Base */ = {isa = PBXFileReference; lastKnownFileType = file.storyboard; name = Base; path = Base.lproj/Main.storyboard; sourceTree = "<group>"; };
		7D96ADE4274CEA6800917C08 /* Assets.xcassets */ = {isa = PBXFileReference; lastKnownFileType = folder.assetcatalog; path = Assets.xcassets; sourceTree = "<group>"; };
		7D96ADE7274CEA6800917C08 /* Base */ = {isa = PBXFileReference; lastKnownFileType = file.storyboard; name = Base; path = Base.lproj/LaunchScreen.storyboard; sourceTree = "<group>"; };
		7D96ADE9274CEA6800917C08 /* Info.plist */ = {isa = PBXFileReference; lastKnownFileType = text.plist.xml; path = Info.plist; sourceTree = "<group>"; };
		7D96ADEE274CEA6800917C08 /* OnionWeatherTests.xctest */ = {isa = PBXFileReference; explicitFileType = wrapper.cfbundle; includeInIndex = 0; path = OnionWeatherTests.xctest; sourceTree = BUILT_PRODUCTS_DIR; };
		7D96ADF2274CEA6800917C08 /* OnionWeatherTests.swift */ = {isa = PBXFileReference; lastKnownFileType = sourcecode.swift; path = OnionWeatherTests.swift; sourceTree = "<group>"; };
		7D96ADF4274CEA6800917C08 /* Info.plist */ = {isa = PBXFileReference; lastKnownFileType = text.plist.xml; path = Info.plist; sourceTree = "<group>"; };
		7D96ADF9274CEA6800917C08 /* OnionWeatherUITests.xctest */ = {isa = PBXFileReference; explicitFileType = wrapper.cfbundle; includeInIndex = 0; path = OnionWeatherUITests.xctest; sourceTree = BUILT_PRODUCTS_DIR; };
		7D96ADFD274CEA6800917C08 /* OnionWeatherUITests.swift */ = {isa = PBXFileReference; lastKnownFileType = sourcecode.swift; path = OnionWeatherUITests.swift; sourceTree = "<group>"; };
		7D96ADFF274CEA6800917C08 /* Info.plist */ = {isa = PBXFileReference; lastKnownFileType = text.plist.xml; path = Info.plist; sourceTree = "<group>"; };
/* End PBXFileReference section */

/* Begin PBXFrameworksBuildPhase section */
		7D96ADD5274CEA6600917C08 /* Frameworks */ = {
			isa = PBXFrameworksBuildPhase;
			buildActionMask = 2147483647;
			files = (
			);
			runOnlyForDeploymentPostprocessing = 0;
		};
		7D96ADEB274CEA6800917C08 /* Frameworks */ = {
			isa = PBXFrameworksBuildPhase;
			buildActionMask = 2147483647;
			files = (
			);
			runOnlyForDeploymentPostprocessing = 0;
		};
		7D96ADF6274CEA6800917C08 /* Frameworks */ = {
			isa = PBXFrameworksBuildPhase;
			buildActionMask = 2147483647;
			files = (
			);
			runOnlyForDeploymentPostprocessing = 0;
		};
/* End PBXFrameworksBuildPhase section */

/* Begin PBXGroup section */
		7D96ADCF274CEA6600917C08 = {
			isa = PBXGroup;
			children = (
				7D96ADDA274CEA6600917C08 /* OnionWeather */,
				7D96ADF1274CEA6800917C08 /* OnionWeatherTests */,
				7D96ADFC274CEA6800917C08 /* OnionWeatherUITests */,
				7D96ADD9274CEA6600917C08 /* Products */,
			);
			sourceTree = "<group>";
		};
		7D96ADD9274CEA6600917C08 /* Products */ = {
			isa = PBXGroup;
			children = (
				7D96ADD8274CEA6600917C08 /* OnionWeather.app */,
				7D96ADEE274CEA6800917C08 /* OnionWeatherTests.xctest */,
				7D96ADF9274CEA6800917C08 /* OnionWeatherUITests.xctest */,
			);
			name = Products;
			sourceTree = "<group>";
		};
		7D96ADDA274CEA6600917C08 /* OnionWeather */ = {
			isa = PBXGroup;
			children = (
				7D96ADDB274CEA6600917C08 /* AppDelegate.swift */,
				7D96ADDD274CEA6600917C08 /* SceneDelegate.swift */,
				7D96ADDF274CEA6600917C08 /* ViewController.swift */,
				7D96ADE1274CEA6600917C08 /* Main.storyboard */,
				7D96ADE4274CEA6800917C08 /* Assets.xcassets */,
				7D96ADE6274CEA6800917C08 /* LaunchScreen.storyboard */,
				7D96ADE9274CEA6800917C08 /* Info.plist */,
			);
			path = OnionWeather;
			sourceTree = "<group>";
		};
		7D96ADF1274CEA6800917C08 /* OnionWeatherTests */ = {
			isa = PBXGroup;
			children = (
				7D96ADF2274CEA6800917C08 /* OnionWeatherTests.swift */,
				7D96ADF4274CEA6800917C08 /* Info.plist */,
			);
			path = OnionWeatherTests;
			sourceTree = "<group>";
		};
		7D96ADFC274CEA6800917C08 /* OnionWeatherUITests */ = {
			isa = PBXGroup;
			children = (
				7D96ADFD274CEA6800917C08 /* OnionWeatherUITests.swift */,
				7D96ADFF274CEA6800917C08 /* Info.plist */,
			);
			path = OnionWeatherUITests;
			sourceTree = "<group>";
		};
/* End PBXGroup section */

/* Begin PBXNativeTarget section */
		7D96ADD7274CEA6600917C08 /* OnionWeather */ = {
			isa = PBXNativeTarget;
			buildConfigurationList = 7D96AE02274CEA6800917C08 /* Build configuration list for PBXNativeTarget "OnionWeather" */;
			buildPhases = (
				7D96ADD4274CEA6600917C08 /* Sources */,
				7D96ADD5274CEA6600917C08 /* Frameworks */,
				7D96ADD6274CEA6600917C08 /* Resources */,
			);
			buildRules = (
			);
			dependencies = (
			);
			name = OnionWeather;
			productName = OnionWeather;
			productReference = 7D96ADD8274CEA6600917C08 /* OnionWeather.app */;
			productType = "com.apple.product-type.application";
		};
		7D96ADED274CEA6800917C08 /* OnionWeatherTests */ = {
			isa = PBXNativeTarget;
			buildConfigurationList = 7D96AE05274CEA6800917C08 /* Build configuration list for PBXNativeTarget "OnionWeatherTests" */;
			buildPhases = (
				7D96ADEA274CEA6800917C08 /* Sources */,
				7D96ADEB274CEA6800917C08 /* Frameworks */,
				7D96ADEC274CEA6800917C08 /* Resources */,
			);
			buildRules = (
			);
			dependencies = (
				7D96ADF0274CEA6800917C08 /* PBXTargetDependency */,
			);
			name = OnionWeatherTests;
			productName = OnionWeatherTests;
			productReference = 7D96ADEE274CEA6800917C08 /* OnionWeatherTests.xctest */;
			productType = "com.apple.product-type.bundle.unit-test";
		};
		7D96ADF8274CEA6800917C08 /* OnionWeatherUITests */ = {
			isa = PBXNativeTarget;
			buildConfigurationList = 7D96AE08274CEA6800917C08 /* Build configuration list for PBXNativeTarget "OnionWeatherUITests" */;
			buildPhases = (
				7D96ADF5274CEA6800917C08 /* Sources */,
				7D96ADF6274CEA6800917C08 /* Frameworks */,
				7D96ADF7274CEA6800917C08 /* Resources */,
			);
			buildRules = (
			);
			dependencies = (
				7D96ADFB274CEA6800917C08 /* PBXTargetDependency */,
			);
			name = OnionWeatherUITests;
			productName = OnionWeatherUITests;
			productReference = 7D96ADF9274CEA6800917C08 /* OnionWeatherUITests.xctest */;
			productType = "com.apple.product-type.bundle.ui-testing";
		};
/* End PBXNativeTarget section */

/* Begin PBXProject section */
		7D96ADD0274CEA6600917C08 /* Project object */ = {
			isa = PBXProject;
			attributes = {
				LastSwiftUpdateCheck = 1250;
				LastUpgradeCheck = 1250;
				TargetAttributes = {
					7D96ADD7274CEA6600917C08 = {
						CreatedOnToolsVersion = 12.5.1;
					};
					7D96ADED274CEA6800917C08 = {
						CreatedOnToolsVersion = 12.5.1;
						TestTargetID = 7D96ADD7274CEA6600917C08;
					};
					7D96ADF8274CEA6800917C08 = {
						CreatedOnToolsVersion = 12.5.1;
						TestTargetID = 7D96ADD7274CEA6600917C08;
					};
				};
			};
			buildConfigurationList = 7D96ADD3274CEA6600917C08 /* Build configuration list for PBXProject "OnionWeather" */;
			compatibilityVersion = "Xcode 9.3";
			developmentRegion = en;
			hasScannedForEncodings = 0;
			knownRegions = (
				en,
				Base,
			);
			mainGroup = 7D96ADCF274CEA6600917C08;
			productRefGroup = 7D96ADD9274CEA6600917C08 /* Products */;
			projectDirPath = "";
			projectRoot = "";
			targets = (
				7D96ADD7274CEA6600917C08 /* OnionWeather */,
				7D96ADED274CEA6800917C08 /* OnionWeatherTests */,
				7D96ADF8274CEA6800917C08 /* OnionWeatherUITests */,
			);
		};
/* End PBXProject section */

/* Begin PBXResourcesBuildPhase section */
		7D96ADD6274CEA6600917C08 /* Resources */ = {
			isa = PBXResourcesBuildPhase;
			buildActionMask = 2147483647;
			files = (
				7D96ADE8274CEA6800917C08 /* LaunchScreen.storyboard in Resources */,
				7D96ADE5274CEA6800917C08 /* Assets.xcassets in Resources */,
				7D96ADE3274CEA6600917C08 /* Main.storyboard in Resources */,
			);
			runOnlyForDeploymentPostprocessing = 0;
		};
		7D96ADEC274CEA6800917C08 /* Resources */ = {
			isa = PBXResourcesBuildPhase;
			buildActionMask = 2147483647;
			files = (
			);
			runOnlyForDeploymentPostprocessing = 0;
		};
		7D96ADF7274CEA6800917C08 /* Resources */ = {
			isa = PBXResourcesBuildPhase;
			buildActionMask = 2147483647;
			files = (
			);
			runOnlyForDeploymentPostprocessing = 0;
		};
/* End PBXResourcesBuildPhase section */

/* Begin PBXSourcesBuildPhase section */
		7D96ADD4274CEA6600917C08 /* Sources */ = {
			isa = PBXSourcesBuildPhase;
			buildActionMask = 2147483647;
			files = (
				7D96ADE0274CEA6600917C08 /* ViewController.swift in Sources */,
				7D96ADDC274CEA6600917C08 /* AppDelegate.swift in Sources */,
				7D96ADDE274CEA6600917C08 /* SceneDelegate.swift in Sources */,
			);
			runOnlyForDeploymentPostprocessing = 0;
		};
		7D96ADEA274CEA6800917C08 /* Sources */ = {
			isa = PBXSourcesBuildPhase;
			buildActionMask = 2147483647;
			files = (
				7D96ADF3274CEA6800917C08 /* OnionWeatherTests.swift in Sources */,
			);
			runOnlyForDeploymentPostprocessing = 0;
		};
		7D96ADF5274CEA6800917C08 /* Sources */ = {
			isa = PBXSourcesBuildPhase;
			buildActionMask = 2147483647;
			files = (
				7D96ADFE274CEA6800917C08 /* OnionWeatherUITests.swift in Sources */,
			);
			runOnlyForDeploymentPostprocessing = 0;
		};
/* End PBXSourcesBuildPhase section */

/* Begin PBXTargetDependency section */
		7D96ADF0274CEA6800917C08 /* PBXTargetDependency */ = {
			isa = PBXTargetDependency;
			target = 7D96ADD7274CEA6600917C08 /* OnionWeather */;
			targetProxy = 7D96ADEF274CEA6800917C08 /* PBXContainerItemProxy */;
		};
		7D96ADFB274CEA6800917C08 /* PBXTargetDependency */ = {
			isa = PBXTargetDependency;
			target = 7D96ADD7274CEA6600917C08 /* OnionWeather */;
			targetProxy = 7D96ADFA274CEA6800917C08 /* PBXContainerItemProxy */;
		};
/* End PBXTargetDependency section */

/* Begin PBXVariantGroup section */
		7D96ADE1274CEA6600917C08 /* Main.storyboard */ = {
			isa = PBXVariantGroup;
			children = (
				7D96ADE2274CEA6600917C08 /* Base */,
			);
			name = Main.storyboard;
			sourceTree = "<group>";
		};
		7D96ADE6274CEA6800917C08 /* LaunchScreen.storyboard */ = {
			isa = PBXVariantGroup;
			children = (
				7D96ADE7274CEA6800917C08 /* Base */,
			);
			name = LaunchScreen.storyboard;
			sourceTree = "<group>";
		};
/* End PBXVariantGroup section */

/* Begin XCBuildConfiguration section */
		7D96AE00274CEA6800917C08 /* Debug */ = {
			isa = XCBuildConfiguration;
			buildSettings = {
				ALWAYS_SEARCH_USER_PATHS = NO;
				CLANG_ANALYZER_NONNULL = YES;
				CLANG_ANALYZER_NUMBER_OBJECT_CONVERSION = YES_AGGRESSIVE;
				CLANG_CXX_LANGUAGE_STANDARD = "gnu++14";
				CLANG_CXX_LIBRARY = "libc++";
				CLANG_ENABLE_MODULES = YES;
				CLANG_ENABLE_OBJC_ARC = YES;
				CLANG_ENABLE_OBJC_WEAK = YES;
				CLANG_WARN_BLOCK_CAPTURE_AUTORELEASING = YES;
				CLANG_WARN_BOOL_CONVERSION = YES;
				CLANG_WARN_COMMA = YES;
				CLANG_WARN_CONSTANT_CONVERSION = YES;
				CLANG_WARN_DEPRECATED_OBJC_IMPLEMENTATIONS = YES;
				CLANG_WARN_DIRECT_OBJC_ISA_USAGE = YES_ERROR;
				CLANG_WARN_DOCUMENTATION_COMMENTS = YES;
				CLANG_WARN_EMPTY_BODY = YES;
				CLANG_WARN_ENUM_CONVERSION = YES;
				CLANG_WARN_INFINITE_RECURSION = YES;
				CLANG_WARN_INT_CONVERSION = YES;
				CLANG_WARN_NON_LITERAL_NULL_CONVERSION = YES;
				CLANG_WARN_OBJC_IMPLICIT_RETAIN_SELF = YES;
				CLANG_WARN_OBJC_LITERAL_CONVERSION = YES;
				CLANG_WARN_OBJC_ROOT_CLASS = YES_ERROR;
				CLANG_WARN_QUOTED_INCLUDE_IN_FRAMEWORK_HEADER = YES;
				CLANG_WARN_RANGE_LOOP_ANALYSIS = YES;
				CLANG_WARN_STRICT_PROTOTYPES = YES;
				CLANG_WARN_SUSPICIOUS_MOVE = YES;
				CLANG_WARN_UNGUARDED_AVAILABILITY = YES_AGGRESSIVE;
				CLANG_WARN_UNREACHABLE_CODE = YES;
				CLANG_WARN__DUPLICATE_METHOD_MATCH = YES;
				COPY_PHASE_STRIP = NO;
				DEBUG_INFORMATION_FORMAT = dwarf;
				ENABLE_STRICT_OBJC_MSGSEND = YES;
				ENABLE_TESTABILITY = YES;
				GCC_C_LANGUAGE_STANDARD = gnu11;
				GCC_DYNAMIC_NO_PIC = NO;
				GCC_NO_COMMON_BLOCKS = YES;
				GCC_OPTIMIZATION_LEVEL = 0;
				GCC_PREPROCESSOR_DEFINITIONS = (
					"DEBUG=1",
					"$(inherited)",
				);
				GCC_WARN_64_TO_32_BIT_CONVERSION = YES;
				GCC_WARN_ABOUT_RETURN_TYPE = YES_ERROR;
				GCC_WARN_UNDECLARED_SELECTOR = YES;
				GCC_WARN_UNINITIALIZED_AUTOS = YES_AGGRESSIVE;
				GCC_WARN_UNUSED_FUNCTION = YES;
				GCC_WARN_UNUSED_VARIABLE = YES;
				IPHONEOS_DEPLOYMENT_TARGET = 14.5;
				MTL_ENABLE_DEBUG_INFO = INCLUDE_SOURCE;
				MTL_FAST_MATH = YES;
				ONLY_ACTIVE_ARCH = YES;
				SDKROOT = iphoneos;
				SWIFT_ACTIVE_COMPILATION_CONDITIONS = DEBUG;
				SWIFT_OPTIMIZATION_LEVEL = "-Onone";
			};
			name = Debug;
		};
		7D96AE01274CEA6800917C08 /* Release */ = {
			isa = XCBuildConfiguration;
			buildSettings = {
				ALWAYS_SEARCH_USER_PATHS = NO;
				CLANG_ANALYZER_NONNULL = YES;
				CLANG_ANALYZER_NUMBER_OBJECT_CONVERSION = YES_AGGRESSIVE;
				CLANG_CXX_LANGUAGE_STANDARD = "gnu++14";
				CLANG_CXX_LIBRARY = "libc++";
				CLANG_ENABLE_MODULES = YES;
				CLANG_ENABLE_OBJC_ARC = YES;
				CLANG_ENABLE_OBJC_WEAK = YES;
				CLANG_WARN_BLOCK_CAPTURE_AUTORELEASING = YES;
				CLANG_WARN_BOOL_CONVERSION = YES;
				CLANG_WARN_COMMA = YES;
				CLANG_WARN_CONSTANT_CONVERSION = YES;
				CLANG_WARN_DEPRECATED_OBJC_IMPLEMENTATIONS = YES;
				CLANG_WARN_DIRECT_OBJC_ISA_USAGE = YES_ERROR;
				CLANG_WARN_DOCUMENTATION_COMMENTS = YES;
				CLANG_WARN_EMPTY_BODY = YES;
				CLANG_WARN_ENUM_CONVERSION = YES;
				CLANG_WARN_INFINITE_RECURSION = YES;
				CLANG_WARN_INT_CONVERSION = YES;
				CLANG_WARN_NON_LITERAL_NULL_CONVERSION = YES;
				CLANG_WARN_OBJC_IMPLICIT_RETAIN_SELF = YES;
				CLANG_WARN_OBJC_LITERAL_CONVERSION = YES;
				CLANG_WARN_OBJC_ROOT_CLASS = YES_ERROR;
				CLANG_WARN_QUOTED_INCLUDE_IN_FRAMEWORK_HEADER = YES;
				CLANG_WARN_RANGE_LOOP_ANALYSIS = YES;
				CLANG_WARN_STRICT_PROTOTYPES = YES;
				CLANG_WARN_SUSPICIOUS_MOVE = YES;
				CLANG_WARN_UNGUARDED_AVAILABILITY = YES_AGGRESSIVE;
				CLANG_WARN_UNREACHABLE_CODE = YES;
				CLANG_WARN__DUPLICATE_METHOD_MATCH = YES;
				COPY_PHASE_STRIP = NO;
				DEBUG_INFORMATION_FORMAT = "dwarf-with-dsym";
				ENABLE_NS_ASSERTIONS = NO;
				ENABLE_STRICT_OBJC_MSGSEND = YES;
				GCC_C_LANGUAGE_STANDARD = gnu11;
				GCC_NO_COMMON_BLOCKS = YES;
				GCC_WARN_64_TO_32_BIT_CONVERSION = YES;
				GCC_WARN_ABOUT_RETURN_TYPE = YES_ERROR;
				GCC_WARN_UNDECLARED_SELECTOR = YES;
				GCC_WARN_UNINITIALIZED_AUTOS = YES_AGGRESSIVE;
				GCC_WARN_UNUSED_FUNCTION = YES;
				GCC_WARN_UNUSED_VARIABLE = YES;
				IPHONEOS_DEPLOYMENT_TARGET = 14.5;
				MTL_ENABLE_DEBUG_INFO = NO;
				MTL_FAST_MATH = YES;
				SDKROOT = iphoneos;
				SWIFT_COMPILATION_MODE = wholemodule;
				SWIFT_OPTIMIZATION_LEVEL = "-O";
				VALIDATE_PRODUCT = YES;
			};
			name = Release;
		};
		7D96AE03274CEA6800917C08 /* Debug */ = {
			isa = XCBuildConfiguration;
			buildSettings = {
				ASSETCATALOG_COMPILER_APPICON_NAME = AppIcon;
				ASSETCATALOG_COMPILER_GLOBAL_ACCENT_COLOR_NAME = AccentColor;
				CODE_SIGN_STYLE = Automatic;
				DEVELOPMENT_TEAM = RNF778SHGZ;
				INFOPLIST_FILE = OnionWeather/Info.plist;
				LD_RUNPATH_SEARCH_PATHS = (
					"$(inherited)",
					"@executable_path/Frameworks",
				);
				PRODUCT_BUNDLE_IDENTIFIER = com.askuriel.OnionWeather;
				PRODUCT_NAME = "$(TARGET_NAME)";
				SWIFT_VERSION = 5.0;
				TARGETED_DEVICE_FAMILY = "1,2";
			};
			name = Debug;
		};
		7D96AE04274CEA6800917C08 /* Release */ = {
			isa = XCBuildConfiguration;
			buildSettings = {
				ASSETCATALOG_COMPILER_APPICON_NAME = AppIcon;
				ASSETCATALOG_COMPILER_GLOBAL_ACCENT_COLOR_NAME = AccentColor;
				CODE_SIGN_STYLE = Automatic;
				DEVELOPMENT_TEAM = RNF778SHGZ;
				INFOPLIST_FILE = OnionWeather/Info.plist;
				LD_RUNPATH_SEARCH_PATHS = (
					"$(inherited)",
					"@executable_path/Frameworks",
				);
				PRODUCT_BUNDLE_IDENTIFIER = com.askuriel.OnionWeather;
				PRODUCT_NAME = "$(TARGET_NAME)";
				SWIFT_VERSION = 5.0;
				TARGETED_DEVICE_FAMILY = "1,2";
			};
			name = Release;
		};
		7D96AE06274CEA6800917C08 /* Debug */ = {
			isa = XCBuildConfiguration;
			buildSettings = {
				ALWAYS_EMBED_SWIFT_STANDARD_LIBRARIES = YES;
				BUNDLE_LOADER = "$(TEST_HOST)";
				CODE_SIGN_STYLE = Automatic;
				DEVELOPMENT_TEAM = RNF778SHGZ;
				INFOPLIST_FILE = OnionWeatherTests/Info.plist;
				IPHONEOS_DEPLOYMENT_TARGET = 14.5;
				LD_RUNPATH_SEARCH_PATHS = (
					"$(inherited)",
					"@executable_path/Frameworks",
					"@loader_path/Frameworks",
				);
				PRODUCT_BUNDLE_IDENTIFIER = com.askuriel.OnionWeatherTests;
				PRODUCT_NAME = "$(TARGET_NAME)";
				SWIFT_VERSION = 5.0;
				TARGETED_DEVICE_FAMILY = "1,2";
				TEST_HOST = "$(BUILT_PRODUCTS_DIR)/OnionWeather.app/OnionWeather";
			};
			name = Debug;
		};
		7D96AE07274CEA6800917C08 /* Release */ = {
			isa = XCBuildConfiguration;
			buildSettings = {
				ALWAYS_EMBED_SWIFT_STANDARD_LIBRARIES = YES;
				BUNDLE_LOADER = "$(TEST_HOST)";
				CODE_SIGN_STYLE = Automatic;
				DEVELOPMENT_TEAM = RNF778SHGZ;
				INFOPLIST_FILE = OnionWeatherTests/Info.plist;
				IPHONEOS_DEPLOYMENT_TARGET = 14.5;
				LD_RUNPATH_SEARCH_PATHS = (
					"$(inherited)",
					"@executable_path/Frameworks",
					"@loader_path/Frameworks",
				);
				PRODUCT_BUNDLE_IDENTIFIER = com.askuriel.OnionWeatherTests;
				PRODUCT_NAME = "$(TARGET_NAME)";
				SWIFT_VERSION = 5.0;
				TARGETED_DEVICE_FAMILY = "1,2";
				TEST_HOST = "$(BUILT_PRODUCTS_DIR)/OnionWeather.app/OnionWeather";
			};
			name = Release;
		};
		7D96AE09274CEA6800917C08 /* Debug */ = {
			isa = XCBuildConfiguration;
			buildSettings = {
				ALWAYS_EMBED_SWIFT_STANDARD_LIBRARIES = YES;
				CODE_SIGN_STYLE = Automatic;
				DEVELOPMENT_TEAM = RNF778SHGZ;
				INFOPLIST_FILE = OnionWeatherUITests/Info.plist;
				LD_RUNPATH_SEARCH_PATHS = (
					"$(inherited)",
					"@executable_path/Frameworks",
					"@loader_path/Frameworks",
				);
				PRODUCT_BUNDLE_IDENTIFIER = com.askuriel.OnionWeatherUITests;
				PRODUCT_NAME = "$(TARGET_NAME)";
				SWIFT_VERSION = 5.0;
				TARGETED_DEVICE_FAMILY = "1,2";
				TEST_TARGET_NAME = OnionWeather;
			};
			name = Debug;
		};
		7D96AE0A274CEA6800917C08 /* Release */ = {
			isa = XCBuildConfiguration;
			buildSettings = {
				ALWAYS_EMBED_SWIFT_STANDARD_LIBRARIES = YES;
				CODE_SIGN_STYLE = Automatic;
				DEVELOPMENT_TEAM = RNF778SHGZ;
				INFOPLIST_FILE = OnionWeatherUITests/Info.plist;
				LD_RUNPATH_SEARCH_PATHS = (
					"$(inherited)",
					"@executable_path/Frameworks",
					"@loader_path/Frameworks",
				);
				PRODUCT_BUNDLE_IDENTIFIER = com.askuriel.OnionWeatherUITests;
				PRODUCT_NAME = "$(TARGET_NAME)";
				SWIFT_VERSION = 5.0;
				TARGETED_DEVICE_FAMILY = "1,2";
				TEST_TARGET_NAME = OnionWeather;
			};
			name = Release;
		};
/* End XCBuildConfiguration section */

/* Begin XCConfigurationList section */
		7D96ADD3274CEA6600917C08 /* Build configuration list for PBXProject "OnionWeather" */ = {
			isa = XCConfigurationList;
			buildConfigurations = (
				7D96AE00274CEA6800917C08 /* Debug */,
				7D96AE01274CEA6800917C08 /* Release */,
			);
			defaultConfigurationIsVisible = 0;
			defaultConfigurationName = Release;
		};
		7D96AE02274CEA6800917C08 /* Build configuration list for PBXNativeTarget "OnionWeather" */ = {
			isa = XCConfigurationList;
			buildConfigurations = (
				7D96AE03274CEA6800917C08 /* Debug */,
				7D96AE04274CEA6800917C08 /* Release */,
			);
			defaultConfigurationIsVisible = 0;
			defaultConfigurationName = Release;
		};
		7D96AE05274CEA6800917C08 /* Build configuration list for PBXNativeTarget "OnionWeatherTests" */ = {
			isa = XCConfigurationList;
			buildConfigurations = (
				7D96AE06274CEA6800917C08 /* Debug */,
				7D96AE07274CEA6800917C08 /* Release */,
			);
			defaultConfigurationIsVisible = 0;
			defaultConfigurationName = Release;
		};
		7D96AE08274CEA6800917C08 /* Build configuration list for PBXNativeTarget "OnionWeatherUITests" */ = {
			isa = XCConfigurationList;
			buildConfigurations = (
				7D96AE09274CEA6800917C08 /* Debug */,
				7D96AE0A274CEA6800917C08 /* Release */,
			);
			defaultConfigurationIsVisible = 0;
			defaultConfigurationName = Release;
		};
/* End XCConfigurationList section */
	};
	rootObject = 7D96ADD0274CEA6600917C08 /* Project object */;
}
